PODS:
  - FBSnapshotTestCase (2.1.2):
    - FBSnapshotTestCase/SwiftSupport (= 2.1.2)
  - FBSnapshotTestCase/Core (2.1.2)
  - FBSnapshotTestCase/SwiftSupport (2.1.2):
    - FBSnapshotTestCase/Core
  - MQTTKit (0.1.0)
  - WDIOSLibrary (0.1.0):
    - MQTTKit (~> 0.1)

DEPENDENCIES:
  - FBSnapshotTestCase
  - MQTTKit
  - WDIOSLibrary (from `../`)

EXTERNAL SOURCES:
  WDIOSLibrary:
    :path: ../

SPEC CHECKSUMS:
  FBSnapshotTestCase: 918c55861356ee83aee7843d759f55a18ff6982b
  MQTTKit: a4e6b8aa92db1aeae917d2b773fd72a7749937c4
  WDIOSLibrary: 8751add03210fc45bb7dcbb9a6f57e7371f94d0f

COCOAPODS: 0.38.2
