PODS:
  - Base64 (1.1.2)
  - CHTCollectionViewWaterfallLayout (0.9.5):
    - CHTCollectionViewWaterfallLayout/ObjC (= 0.9.5)
  - CHTCollectionViewWaterfallLayout/ObjC (0.9.5)
  - JWT (2.1.0):
    - Base64 (~> 1.1.2)
  - MQTTKit (0.1.0)
  - WDIOSLibrary (0.1.0):
    - CHTCollectionViewWaterfallLayout
    - JWT
    - MQTTKit

DEPENDENCIES:
  - WDIOSLibrary (from `../`)

EXTERNAL SOURCES:
  WDIOSLibrary:
    :path: ../

SPEC CHECKSUMS:
  Base64: cecfb41a004124895a7bcee567a89bae5a89d49b
  CHTCollectionViewWaterfallLayout: 775ff73f48cfc13859b62d8bceb96e772e4a0318
  JWT: eef4a19fcd74445af6ff812fc87743129c0626bd
  MQTTKit: a4e6b8aa92db1aeae917d2b773fd72a7749937c4
  WDIOSLibrary: b47d8e04bd73a29c21bc682a69b78389cb38f4f2

PODFILE CHECKSUM: 7a3d5f364975e408811047ee8873336d5db939b2

COCOAPODS: 1.0.1
